// !$*UTF8*$!
{
	archiveVersion = 1;
	classes = {
	};
	objectVersion = 77;
	objects = {

/* Begin PBXBuildFile section */
		6C332D982CEA553A00C64010 /* SparkDI in Frameworks */ = {isa = PBXBuildFile; productRef = 6C332D972CEA553A00C64010 /* SparkDI */; };
/* End PBXBuildFile section */

/* Begin PBXContainerItemProxy section */
		6C332D632CEA52FD00C64010 /* PBXContainerItemProxy */ = {
			isa = PBXContainerItemProxy;
			containerPortal = 6C332D492CEA52FC00C64010 /* Project object */;
			proxyType = 1;
			remoteGlobalIDString = 6C332D502CEA52FC00C64010;
			remoteInfo = DemoApplication;
		};
		6C332D6D2CEA52FD00C64010 /* PBXContainerItemProxy */ = {
			isa = PBXContainerItemProxy;
			containerPortal = 6C332D492CEA52FC00C64010 /* Project object */;
			proxyType = 1;
			remoteGlobalIDString = 6C332D502CEA52FC00C64010;
			remoteInfo = DemoApplication;
		};
/* End PBXContainerItemProxy section */

/* Begin PBXFileReference section */
		6C332D512CEA52FC00C64010 /* DemoApplication.app */ = {isa = PBXFileReference; explicitFileType = wrapper.application; includeInIndex = 0; path = DemoApplication.app; sourceTree = BUILT_PRODUCTS_DIR; };
		6C332D622CEA52FD00C64010 /* DemoApplicationTests.xctest */ = {isa = PBXFileReference; explicitFileType = wrapper.cfbundle; includeInIndex = 0; path = DemoApplicationTests.xctest; sourceTree = BUILT_PRODUCTS_DIR; };
		6C332D6C2CEA52FD00C64010 /* DemoApplicationUITests.xctest */ = {isa = PBXFileReference; explicitFileType = wrapper.cfbundle; includeInIndex = 0; path = DemoApplicationUITests.xctest; sourceTree = BUILT_PRODUCTS_DIR; };
/* End PBXFileReference section */

/* Begin PBXFileSystemSynchronizedRootGroup section */
		6C332D532CEA52FC00C64010 /* DemoApplication */ = {
			isa = PBXFileSystemSynchronizedRootGroup;
			path = DemoApplication;
			sourceTree = "<group>";
		};
		6C332D652CEA52FD00C64010 /* DemoApplicationTests */ = {
			isa = PBXFileSystemSynchronizedRootGroup;
			path = DemoApplicationTests;
			sourceTree = "<group>";
		};
		6C332D6F2CEA52FD00C64010 /* DemoApplicationUITests */ = {
			isa = PBXFileSystemSynchronizedRootGroup;
			path = DemoApplicationUITests;
			sourceTree = "<group>";
		};
/* End PBXFileSystemSynchronizedRootGroup section */

/* Begin PBXFrameworksBuildPhase section */
		6C332D4E2CEA52FC00C64010 /* Frameworks */ = {
			isa = PBXFrameworksBuildPhase;
			buildActionMask = 2147483647;
			files = (
				6C332D982CEA553A00C64010 /* SparkDI in Frameworks */,
			);
			runOnlyForDeploymentPostprocessing = 0;
		};
		6C332D5F2CEA52FD00C64010 /* Frameworks */ = {
			isa = PBXFrameworksBuildPhase;
			buildActionMask = 2147483647;
			files = (
			);
			runOnlyForDeploymentPostprocessing = 0;
		};
		6C332D692CEA52FD00C64010 /* Frameworks */ = {
			isa = PBXFrameworksBuildPhase;
			buildActionMask = 2147483647;
			files = (
			);
			runOnlyForDeploymentPostprocessing = 0;
		};
/* End PBXFrameworksBuildPhase section */

/* Begin PBXGroup section */
		6C332D482CEA52FC00C64010 = {
			isa = PBXGroup;
			children = (
				6C332D532CEA52FC00C64010 /* DemoApplication */,
				6C332D652CEA52FD00C64010 /* DemoApplicationTests */,
				6C332D6F2CEA52FD00C64010 /* DemoApplicationUITests */,
				6C332D802CEA533800C64010 /* Frameworks */,
				6C332D522CEA52FC00C64010 /* Products */,
			);
			sourceTree = "<group>";
		};
		6C332D522CEA52FC00C64010 /* Products */ = {
			isa = PBXGroup;
			children = (
				6C332D512CEA52FC00C64010 /* DemoApplication.app */,
				6C332D622CEA52FD00C64010 /* DemoApplicationTests.xctest */,
				6C332D6C2CEA52FD00C64010 /* DemoApplicationUITests.xctest */,
			);
			name = Products;
			sourceTree = "<group>";
		};
		6C332D802CEA533800C64010 /* Frameworks */ = {
			isa = PBXGroup;
			children = (
			);
			name = Frameworks;
			sourceTree = "<group>";
		};
/* End PBXGroup section */

/* Begin PBXNativeTarget section */
		6C332D502CEA52FC00C64010 /* DemoApplication */ = {
			isa = PBXNativeTarget;
			buildConfigurationList = 6C332D762CEA52FD00C64010 /* Build configuration list for PBXNativeTarget "DemoApplication" */;
			buildPhases = (
				6C332D4D2CEA52FC00C64010 /* Sources */,
				6C332D4E2CEA52FC00C64010 /* Frameworks */,
				6C332D4F2CEA52FC00C64010 /* Resources */,
			);
			buildRules = (
			);
			dependencies = (
			);
			fileSystemSynchronizedGroups = (
				6C332D532CEA52FC00C64010 /* DemoApplication */,
			);
			name = DemoApplication;
			packageProductDependencies = (
				6C332D972CEA553A00C64010 /* SparkDI */,
			);
			productName = DemoApplication;
			productReference = 6C332D512CEA52FC00C64010 /* DemoApplication.app */;
			productType = "com.apple.product-type.application";
		};
		6C332D612CEA52FD00C64010 /* DemoApplicationTests */ = {
			isa = PBXNativeTarget;
			buildConfigurationList = 6C332D792CEA52FD00C64010 /* Build configuration list for PBXNativeTarget "DemoApplicationTests" */;
			buildPhases = (
				6C332D5E2CEA52FD00C64010 /* Sources */,
				6C332D5F2CEA52FD00C64010 /* Frameworks */,
				6C332D602CEA52FD00C64010 /* Resources */,
			);
			buildRules = (
			);
			dependencies = (
				6C332D642CEA52FD00C64010 /* PBXTargetDependency */,
			);
			fileSystemSynchronizedGroups = (
				6C332D652CEA52FD00C64010 /* DemoApplicationTests */,
			);
			name = DemoApplicationTests;
			packageProductDependencies = (
			);
			productName = DemoApplicationTests;
			productReference = 6C332D622CEA52FD00C64010 /* DemoApplicationTests.xctest */;
			productType = "com.apple.product-type.bundle.unit-test";
		};
		6C332D6B2CEA52FD00C64010 /* DemoApplicationUITests */ = {
			isa = PBXNativeTarget;
			buildConfigurationList = 6C332D7C2CEA52FD00C64010 /* Build configuration list for PBXNativeTarget "DemoApplicationUITests" */;
			buildPhases = (
				6C332D682CEA52FD00C64010 /* Sources */,
				6C332D692CEA52FD00C64010 /* Frameworks */,
				6C332D6A2CEA52FD00C64010 /* Resources */,
			);
			buildRules = (
			);
			dependencies = (
				6C332D6E2CEA52FD00C64010 /* PBXTargetDependency */,
			);
			fileSystemSynchronizedGroups = (
				6C332D6F2CEA52FD00C64010 /* DemoApplicationUITests */,
			);
			name = DemoApplicationUITests;
			packageProductDependencies = (
			);
			productName = DemoApplicationUITests;
			productReference = 6C332D6C2CEA52FD00C64010 /* DemoApplicationUITests.xctest */;
			productType = "com.apple.product-type.bundle.ui-testing";
		};
/* End PBXNativeTarget section */

/* Begin PBXProject section */
		6C332D492CEA52FC00C64010 /* Project object */ = {
			isa = PBXProject;
			attributes = {
				BuildIndependentTargetsInParallel = 1;
				LastSwiftUpdateCheck = 1600;
				LastUpgradeCheck = 1600;
				TargetAttributes = {
					6C332D502CEA52FC00C64010 = {
						CreatedOnToolsVersion = 16.0;
					};
					6C332D612CEA52FD00C64010 = {
						CreatedOnToolsVersion = 16.0;
						TestTargetID = 6C332D502CEA52FC00C64010;
					};
					6C332D6B2CEA52FD00C64010 = {
						CreatedOnToolsVersion = 16.0;
						TestTargetID = 6C332D502CEA52FC00C64010;
					};
				};
			};
			buildConfigurationList = 6C332D4C2CEA52FC00C64010 /* Build configuration list for PBXProject "DemoApplication" */;
			developmentRegion = en;
			hasScannedForEncodings = 0;
			knownRegions = (
				en,
				Base,
			);
			mainGroup = 6C332D482CEA52FC00C64010;
			minimizedProjectReferenceProxies = 1;
			packageReferences = (
				6C332D962CEA553100C64010 /* XCLocalSwiftPackageReference "../../SparkDI" */,
			);
			preferredProjectObjectVersion = 77;
			productRefGroup = 6C332D522CEA52FC00C64010 /* Products */;
			projectDirPath = "";
			projectRoot = "";
			targets = (
				6C332D502CEA52FC00C64010 /* DemoApplication */,
				6C332D612CEA52FD00C64010 /* DemoApplicationTests */,
				6C332D6B2CEA52FD00C64010 /* DemoApplicationUITests */,
			);
		};
/* End PBXProject section */

/* Begin PBXResourcesBuildPhase section */
		6C332D4F2CEA52FC00C64010 /* Resources */ = {
			isa = PBXResourcesBuildPhase;
			buildActionMask = 2147483647;
			files = (
			);
			runOnlyForDeploymentPostprocessing = 0;
		};
		6C332D602CEA52FD00C64010 /* Resources */ = {
			isa = PBXResourcesBuildPhase;
			buildActionMask = 2147483647;
			files = (
			);
			runOnlyForDeploymentPostprocessing = 0;
		};
		6C332D6A2CEA52FD00C64010 /* Resources */ = {
			isa = PBXResourcesBuildPhase;
			buildActionMask = 2147483647;
			files = (
			);
			runOnlyForDeploymentPostprocessing = 0;
		};
/* End PBXResourcesBuildPhase section */

/* Begin PBXSourcesBuildPhase section */
		6C332D4D2CEA52FC00C64010 /* Sources */ = {
			isa = PBXSourcesBuildPhase;
			buildActionMask = 2147483647;
			files = (
			);
			runOnlyForDeploymentPostprocessing = 0;
		};
		6C332D5E2CEA52FD00C64010 /* Sources */ = {
			isa = PBXSourcesBuildPhase;
			buildActionMask = 2147483647;
			files = (
			);
			runOnlyForDeploymentPostprocessing = 0;
		};
		6C332D682CEA52FD00C64010 /* Sources */ = {
			isa = PBXSourcesBuildPhase;
			buildActionMask = 2147483647;
			files = (
			);
			runOnlyForDeploymentPostprocessing = 0;
		};
/* End PBXSourcesBuildPhase section */

/* Begin PBXTargetDependency section */
		6C332D642CEA52FD00C64010 /* PBXTargetDependency */ = {
			isa = PBXTargetDependency;
			target = 6C332D502CEA52FC00C64010 /* DemoApplication */;
			targetProxy = 6C332D632CEA52FD00C64010 /* PBXContainerItemProxy */;
		};
		6C332D6E2CEA52FD00C64010 /* PBXTargetDependency */ = {
			isa = PBXTargetDependency;
			target = 6C332D502CEA52FC00C64010 /* DemoApplication */;
			targetProxy = 6C332D6D2CEA52FD00C64010 /* PBXContainerItemProxy */;
		};
/* End PBXTargetDependency section */

/* Begin XCBuildConfiguration section */
		6C332D742CEA52FD00C64010 /* Debug */ = {
			isa = XCBuildConfiguration;
			buildSettings = {
				ALWAYS_SEARCH_USER_PATHS = NO;
				ASSETCATALOG_COMPILER_GENERATE_SWIFT_ASSET_SYMBOL_EXTENSIONS = YES;
				CLANG_ANALYZER_NONNULL = YES;
				CLANG_ANALYZER_NUMBER_OBJECT_CONVERSION = YES_AGGRESSIVE;
				CLANG_CXX_LANGUAGE_STANDARD = "gnu++20";
				CLANG_ENABLE_MODULES = YES;
				CLANG_ENABLE_OBJC_ARC = YES;
				CLANG_ENABLE_OBJC_WEAK = YES;
				CLANG_WARN_BLOCK_CAPTURE_AUTORELEASING = YES;
				CLANG_WARN_BOOL_CONVERSION = YES;
				CLANG_WARN_COMMA = YES;
				CLANG_WARN_CONSTANT_CONVERSION = YES;
				CLANG_WARN_DEPRECATED_OBJC_IMPLEMENTATIONS = YES;
				CLANG_WARN_DIRECT_OBJC_ISA_USAGE = YES_ERROR;
				CLANG_WARN_DOCUMENTATION_COMMENTS = YES;
				CLANG_WARN_EMPTY_BODY = YES;
				CLANG_WARN_ENUM_CONVERSION = YES;
				CLANG_WARN_INFINITE_RECURSION = YES;
				CLANG_WARN_INT_CONVERSION = YES;
				CLANG_WARN_NON_LITERAL_NULL_CONVERSION = YES;
				CLANG_WARN_OBJC_IMPLICIT_RETAIN_SELF = YES;
				CLANG_WARN_OBJC_LITERAL_CONVERSION = YES;
				CLANG_WARN_OBJC_ROOT_CLASS = YES_ERROR;
				CLANG_WARN_QUOTED_INCLUDE_IN_FRAMEWORK_HEADER = YES;
				CLANG_WARN_RANGE_LOOP_ANALYSIS = YES;
				CLANG_WARN_STRICT_PROTOTYPES = YES;
				CLANG_WARN_SUSPICIOUS_MOVE = YES;
				CLANG_WARN_UNGUARDED_AVAILABILITY = YES_AGGRESSIVE;
				CLANG_WARN_UNREACHABLE_CODE = YES;
				CLANG_WARN__DUPLICATE_METHOD_MATCH = YES;
				COPY_PHASE_STRIP = NO;
				DEBUG_INFORMATION_FORMAT = dwarf;
				ENABLE_STRICT_OBJC_MSGSEND = YES;
				ENABLE_TESTABILITY = YES;
				ENABLE_USER_SCRIPT_SANDBOXING = YES;
				GCC_C_LANGUAGE_STANDARD = gnu17;
				GCC_DYNAMIC_NO_PIC = NO;
				GCC_NO_COMMON_BLOCKS = YES;
				GCC_OPTIMIZATION_LEVEL = 0;
				GCC_PREPROCESSOR_DEFINITIONS = (
					"DEBUG=1",
					"$(inherited)",
				);
				GCC_WARN_64_TO_32_BIT_CONVERSION = YES;
				GCC_WARN_ABOUT_RETURN_TYPE = YES_ERROR;
				GCC_WARN_UNDECLARED_SELECTOR = YES;
				GCC_WARN_UNINITIALIZED_AUTOS = YES_AGGRESSIVE;
				GCC_WARN_UNUSED_FUNCTION = YES;
				GCC_WARN_UNUSED_VARIABLE = YES;
				LOCALIZATION_PREFERS_STRING_CATALOGS = YES;
				MTL_ENABLE_DEBUG_INFO = INCLUDE_SOURCE;
				MTL_FAST_MATH = YES;
				ONLY_ACTIVE_ARCH = YES;
				SWIFT_ACTIVE_COMPILATION_CONDITIONS = "DEBUG $(inherited)";
				SWIFT_OPTIMIZATION_LEVEL = "-Onone";
			};
			name = Debug;
		};
		6C332D752CEA52FD00C64010 /* Release */ = {
			isa = XCBuildConfiguration;
			buildSettings = {
				ALWAYS_SEARCH_USER_PATHS = NO;
				ASSETCATALOG_COMPILER_GENERATE_SWIFT_ASSET_SYMBOL_EXTENSIONS = YES;
				CLANG_ANALYZER_NONNULL = YES;
				CLANG_ANALYZER_NUMBER_OBJECT_CONVERSION = YES_AGGRESSIVE;
				CLANG_CXX_LANGUAGE_STANDARD = "gnu++20";
				CLANG_ENABLE_MODULES = YES;
				CLANG_ENABLE_OBJC_ARC = YES;
				CLANG_ENABLE_OBJC_WEAK = YES;
				CLANG_WARN_BLOCK_CAPTURE_AUTORELEASING = YES;
				CLANG_WARN_BOOL_CONVERSION = YES;
				CLANG_WARN_COMMA = YES;
				CLANG_WARN_CONSTANT_CONVERSION = YES;
				CLANG_WARN_DEPRECATED_OBJC_IMPLEMENTATIONS = YES;
				CLANG_WARN_DIRECT_OBJC_ISA_USAGE = YES_ERROR;
				CLANG_WARN_DOCUMENTATION_COMMENTS = YES;
				CLANG_WARN_EMPTY_BODY = YES;
				CLANG_WARN_ENUM_CONVERSION = YES;
				CLANG_WARN_INFINITE_RECURSION = YES;
				CLANG_WARN_INT_CONVERSION = YES;
				CLANG_WARN_NON_LITERAL_NULL_CONVERSION = YES;
				CLANG_WARN_OBJC_IMPLICIT_RETAIN_SELF = YES;
				CLANG_WARN_OBJC_LITERAL_CONVERSION = YES;
				CLANG_WARN_OBJC_ROOT_CLASS = YES_ERROR;
				CLANG_WARN_QUOTED_INCLUDE_IN_FRAMEWORK_HEADER = YES;
				CLANG_WARN_RANGE_LOOP_ANALYSIS = YES;
				CLANG_WARN_STRICT_PROTOTYPES = YES;
				CLANG_WARN_SUSPICIOUS_MOVE = YES;
				CLANG_WARN_UNGUARDED_AVAILABILITY = YES_AGGRESSIVE;
				CLANG_WARN_UNREACHABLE_CODE = YES;
				CLANG_WARN__DUPLICATE_METHOD_MATCH = YES;
				COPY_PHASE_STRIP = NO;
				DEBUG_INFORMATION_FORMAT = "dwarf-with-dsym";
				ENABLE_NS_ASSERTIONS = NO;
				ENABLE_STRICT_OBJC_MSGSEND = YES;
				ENABLE_USER_SCRIPT_SANDBOXING = YES;
				GCC_C_LANGUAGE_STANDARD = gnu17;
				GCC_NO_COMMON_BLOCKS = YES;
				GCC_WARN_64_TO_32_BIT_CONVERSION = YES;
				GCC_WARN_ABOUT_RETURN_TYPE = YES_ERROR;
				GCC_WARN_UNDECLARED_SELECTOR = YES;
				GCC_WARN_UNINITIALIZED_AUTOS = YES_AGGRESSIVE;
				GCC_WARN_UNUSED_FUNCTION = YES;
				GCC_WARN_UNUSED_VARIABLE = YES;
				LOCALIZATION_PREFERS_STRING_CATALOGS = YES;
				MTL_ENABLE_DEBUG_INFO = NO;
				MTL_FAST_MATH = YES;
				SWIFT_COMPILATION_MODE = wholemodule;
			};
			name = Release;
		};
		6C332D772CEA52FD00C64010 /* Debug */ = {
			isa = XCBuildConfiguration;
			buildSettings = {
				ASSETCATALOG_COMPILER_APPICON_NAME = AppIcon;
				ASSETCATALOG_COMPILER_GLOBAL_ACCENT_COLOR_NAME = AccentColor;
				CODE_SIGN_ENTITLEMENTS = DemoApplication/DemoApplication.entitlements;
				CODE_SIGN_STYLE = Automatic;
				CURRENT_PROJECT_VERSION = 1;
				DEVELOPMENT_ASSET_PATHS = "\"DemoApplication/Preview Content\"";
				DEVELOPMENT_TEAM = 458N84TBWR;
				ENABLE_HARDENED_RUNTIME = YES;
				ENABLE_PREVIEWS = YES;
				GENERATE_INFOPLIST_FILE = YES;
				"INFOPLIST_KEY_UIApplicationSceneManifest_Generation[sdk=iphoneos*]" = YES;
				"INFOPLIST_KEY_UIApplicationSceneManifest_Generation[sdk=iphonesimulator*]" = YES;
				"INFOPLIST_KEY_UIApplicationSupportsIndirectInputEvents[sdk=iphoneos*]" = YES;
				"INFOPLIST_KEY_UIApplicationSupportsIndirectInputEvents[sdk=iphonesimulator*]" = YES;
				"INFOPLIST_KEY_UILaunchScreen_Generation[sdk=iphoneos*]" = YES;
				"INFOPLIST_KEY_UILaunchScreen_Generation[sdk=iphonesimulator*]" = YES;
				"INFOPLIST_KEY_UIStatusBarStyle[sdk=iphoneos*]" = UIStatusBarStyleDefault;
				"INFOPLIST_KEY_UIStatusBarStyle[sdk=iphonesimulator*]" = UIStatusBarStyleDefault;
				INFOPLIST_KEY_UISupportedInterfaceOrientations_iPad = "UIInterfaceOrientationPortrait UIInterfaceOrientationPortraitUpsideDown UIInterfaceOrientationLandscapeLeft UIInterfaceOrientationLandscapeRight";
				INFOPLIST_KEY_UISupportedInterfaceOrientations_iPhone = "UIInterfaceOrientationPortrait UIInterfaceOrientationLandscapeLeft UIInterfaceOrientationLandscapeRight";
				IPHONEOS_DEPLOYMENT_TARGET = 18.0;
				LD_RUNPATH_SEARCH_PATHS = "@executable_path/Frameworks";
				"LD_RUNPATH_SEARCH_PATHS[sdk=macosx*]" = "@executable_path/../Frameworks";
				MACOSX_DEPLOYMENT_TARGET = 15.0;
				MARKETING_VERSION = 1.0;
				PRODUCT_BUNDLE_IDENTIFIER = swiftacademy.DemoApplication;
				PRODUCT_NAME = "$(TARGET_NAME)";
				SDKROOT = auto;
				SUPPORTED_PLATFORMS = "iphoneos iphonesimulator macosx xros xrsimulator";
				SWIFT_EMIT_LOC_STRINGS = YES;
				SWIFT_VERSION = 5.0;
				TARGETED_DEVICE_FAMILY = "1,2,7";
				XROS_DEPLOYMENT_TARGET = 2.0;
			};
			name = Debug;
		};
		6C332D782CEA52FD00C64010 /* Release */ = {
			isa = XCBuildConfiguration;
			buildSettings = {
				ASSETCATALOG_COMPILER_APPICON_NAME = AppIcon;
				ASSETCATALOG_COMPILER_GLOBAL_ACCENT_COLOR_NAME = AccentColor;
				CODE_SIGN_ENTITLEMENTS = DemoApplication/DemoApplication.entitlements;
				CODE_SIGN_STYLE = Automatic;
				CURRENT_PROJECT_VERSION = 1;
				DEVELOPMENT_ASSET_PATHS = "\"DemoApplication/Preview Content\"";
				DEVELOPMENT_TEAM = 458N84TBWR;
				ENABLE_HARDENED_RUNTIME = YES;
				ENABLE_PREVIEWS = YES;
				GENERATE_INFOPLIST_FILE = YES;
				"INFOPLIST_KEY_UIApplicationSceneManifest_Generation[sdk=iphoneos*]" = YES;
				"INFOPLIST_KEY_UIApplicationSceneManifest_Generation[sdk=iphonesimulator*]" = YES;
				"INFOPLIST_KEY_UIApplicationSupportsIndirectInputEvents[sdk=iphoneos*]" = YES;
				"INFOPLIST_KEY_UIApplicationSupportsIndirectInputEvents[sdk=iphonesimulator*]" = YES;
				"INFOPLIST_KEY_UILaunchScreen_Generation[sdk=iphoneos*]" = YES;
				"INFOPLIST_KEY_UILaunchScreen_Generation[sdk=iphonesimulator*]" = YES;
				"INFOPLIST_KEY_UIStatusBarStyle[sdk=iphoneos*]" = UIStatusBarStyleDefault;
				"INFOPLIST_KEY_UIStatusBarStyle[sdk=iphonesimulator*]" = UIStatusBarStyleDefault;
				INFOPLIST_KEY_UISupportedInterfaceOrientations_iPad = "UIInterfaceOrientationPortrait UIInterfaceOrientationPortraitUpsideDown UIInterfaceOrientationLandscapeLeft UIInterfaceOrientationLandscapeRight";
				INFOPLIST_KEY_UISupportedInterfaceOrientations_iPhone = "UIInterfaceOrientationPortrait UIInterfaceOrientationLandscapeLeft UIInterfaceOrientationLandscapeRight";
				IPHONEOS_DEPLOYMENT_TARGET = 18.0;
				LD_RUNPATH_SEARCH_PATHS = "@executable_path/Frameworks";
				"LD_RUNPATH_SEARCH_PATHS[sdk=macosx*]" = "@executable_path/../Frameworks";
				MACOSX_DEPLOYMENT_TARGET = 15.0;
				MARKETING_VERSION = 1.0;
				PRODUCT_BUNDLE_IDENTIFIER = swiftacademy.DemoApplication;
				PRODUCT_NAME = "$(TARGET_NAME)";
				SDKROOT = auto;
				SUPPORTED_PLATFORMS = "iphoneos iphonesimulator macosx xros xrsimulator";
				SWIFT_EMIT_LOC_STRINGS = YES;
				SWIFT_VERSION = 5.0;
				TARGETED_DEVICE_FAMILY = "1,2,7";
				XROS_DEPLOYMENT_TARGET = 2.0;
			};
			name = Release;
		};
		6C332D7A2CEA52FD00C64010 /* Debug */ = {
			isa = XCBuildConfiguration;
			buildSettings = {
				BUNDLE_LOADER = "$(TEST_HOST)";
				CODE_SIGN_STYLE = Automatic;
				CURRENT_PROJECT_VERSION = 1;
				DEVELOPMENT_TEAM = 458N84TBWR;
				GENERATE_INFOPLIST_FILE = YES;
				IPHONEOS_DEPLOYMENT_TARGET = 18.0;
				MACOSX_DEPLOYMENT_TARGET = 15.0;
				MARKETING_VERSION = 1.0;
				PRODUCT_BUNDLE_IDENTIFIER = swiftacademy.DemoApplicationTests;
				PRODUCT_NAME = "$(TARGET_NAME)";
				SDKROOT = auto;
				SUPPORTED_PLATFORMS = "iphoneos iphonesimulator macosx xros xrsimulator";
				SWIFT_EMIT_LOC_STRINGS = NO;
				SWIFT_VERSION = 5.0;
				TARGETED_DEVICE_FAMILY = "1,2,7";
				TEST_HOST = "$(BUILT_PRODUCTS_DIR)/DemoApplication.app/$(BUNDLE_EXECUTABLE_FOLDER_PATH)/DemoApplication";
				XROS_DEPLOYMENT_TARGET = 2.0;
			};
			name = Debug;
		};
		6C332D7B2CEA52FD00C64010 /* Release */ = {
			isa = XCBuildConfiguration;
			buildSettings = {
				BUNDLE_LOADER = "$(TEST_HOST)";
				CODE_SIGN_STYLE = Automatic;
				CURRENT_PROJECT_VERSION = 1;
				DEVELOPMENT_TEAM = 458N84TBWR;
				GENERATE_INFOPLIST_FILE = YES;
				IPHONEOS_DEPLOYMENT_TARGET = 18.0;
				MACOSX_DEPLOYMENT_TARGET = 15.0;
				MARKETING_VERSION = 1.0;
				PRODUCT_BUNDLE_IDENTIFIER = swiftacademy.DemoApplicationTests;
				PRODUCT_NAME = "$(TARGET_NAME)";
				SDKROOT = auto;
				SUPPORTED_PLATFORMS = "iphoneos iphonesimulator macosx xros xrsimulator";
				SWIFT_EMIT_LOC_STRINGS = NO;
				SWIFT_VERSION = 5.0;
				TARGETED_DEVICE_FAMILY = "1,2,7";
				TEST_HOST = "$(BUILT_PRODUCTS_DIR)/DemoApplication.app/$(BUNDLE_EXECUTABLE_FOLDER_PATH)/DemoApplication";
				XROS_DEPLOYMENT_TARGET = 2.0;
			};
			name = Release;
		};
		6C332D7D2CEA52FD00C64010 /* Debug */ = {
			isa = XCBuildConfiguration;
			buildSettings = {
				CODE_SIGN_STYLE = Automatic;
				CURRENT_PROJECT_VERSION = 1;
				DEVELOPMENT_TEAM = 458N84TBWR;
				GENERATE_INFOPLIST_FILE = YES;
				IPHONEOS_DEPLOYMENT_TARGET = 18.0;
				MACOSX_DEPLOYMENT_TARGET = 15.0;
				MARKETING_VERSION = 1.0;
				PRODUCT_BUNDLE_IDENTIFIER = swiftacademy.DemoApplicationUITests;
				PRODUCT_NAME = "$(TARGET_NAME)";
				SDKROOT = auto;
				SUPPORTED_PLATFORMS = "iphoneos iphonesimulator macosx xros xrsimulator";
				SWIFT_EMIT_LOC_STRINGS = NO;
				SWIFT_VERSION = 5.0;
				TARGETED_DEVICE_FAMILY = "1,2,7";
				TEST_TARGET_NAME = DemoApplication;
				XROS_DEPLOYMENT_TARGET = 2.0;
			};
			name = Debug;
		};
		6C332D7E2CEA52FD00C64010 /* Release */ = {
			isa = XCBuildConfiguration;
			buildSettings = {
				CODE_SIGN_STYLE = Automatic;
				CURRENT_PROJECT_VERSION = 1;
				DEVELOPMENT_TEAM = 458N84TBWR;
				GENERATE_INFOPLIST_FILE = YES;
				IPHONEOS_DEPLOYMENT_TARGET = 18.0;
				MACOSX_DEPLOYMENT_TARGET = 15.0;
				MARKETING_VERSION = 1.0;
				PRODUCT_BUNDLE_IDENTIFIER = swiftacademy.DemoApplicationUITests;
				PRODUCT_NAME = "$(TARGET_NAME)";
				SDKROOT = auto;
				SUPPORTED_PLATFORMS = "iphoneos iphonesimulator macosx xros xrsimulator";
				SWIFT_EMIT_LOC_STRINGS = NO;
				SWIFT_VERSION = 5.0;
				TARGETED_DEVICE_FAMILY = "1,2,7";
				TEST_TARGET_NAME = DemoApplication;
				XROS_DEPLOYMENT_TARGET = 2.0;
			};
			name = Release;
		};
/* End XCBuildConfiguration section */

/* Begin XCConfigurationList section */
		6C332D4C2CEA52FC00C64010 /* Build configuration list for PBXProject "DemoApplication" */ = {
			isa = XCConfigurationList;
			buildConfigurations = (
				6C332D742CEA52FD00C64010 /* Debug */,
				6C332D752CEA52FD00C64010 /* Release */,
			);
			defaultConfigurationIsVisible = 0;
			defaultConfigurationName = Release;
		};
		6C332D762CEA52FD00C64010 /* Build configuration list for PBXNativeTarget "DemoApplication" */ = {
			isa = XCConfigurationList;
			buildConfigurations = (
				6C332D772CEA52FD00C64010 /* Debug */,
				6C332D782CEA52FD00C64010 /* Release */,
			);
			defaultConfigurationIsVisible = 0;
			defaultConfigurationName = Release;
		};
		6C332D792CEA52FD00C64010 /* Build configuration list for PBXNativeTarget "DemoApplicationTests" */ = {
			isa = XCConfigurationList;
			buildConfigurations = (
				6C332D7A2CEA52FD00C64010 /* Debug */,
				6C332D7B2CEA52FD00C64010 /* Release */,
			);
			defaultConfigurationIsVisible = 0;
			defaultConfigurationName = Release;
		};
		6C332D7C2CEA52FD00C64010 /* Build configuration list for PBXNativeTarget "DemoApplicationUITests" */ = {
			isa = XCConfigurationList;
			buildConfigurations = (
				6C332D7D2CEA52FD00C64010 /* Debug */,
				6C332D7E2CEA52FD00C64010 /* Release */,
			);
			defaultConfigurationIsVisible = 0;
			defaultConfigurationName = Release;
		};
/* End XCConfigurationList section */

/* Begin XCLocalSwiftPackageReference section */
		6C332D962CEA553100C64010 /* XCLocalSwiftPackageReference "../../SparkDI" */ = {
			isa = XCLocalSwiftPackageReference;
			relativePath = ../../SparkDI;
		};
/* End XCLocalSwiftPackageReference section */

/* Begin XCSwiftPackageProductDependency section */
		6C332D972CEA553A00C64010 /* SparkDI */ = {
			isa = XCSwiftPackageProductDependency;
			package = 6C332D962CEA553100C64010 /* XCLocalSwiftPackageReference "../../SparkDI" */;
			productName = SparkDI;
		};
/* End XCSwiftPackageProductDependency section */
	};
	rootObject = 6C332D492CEA52FC00C64010 /* Project object */;
}
